
Microsoft Visual Studio Solution File, Format Version 12.00
# Visual Studio Version 17
VisualStudioVersion = 17.4.33213.308
MinimumVisualStudioVersion = 10.0.40219.1
Project("{9A19103F-16F7-4668-BE54-9A1E7A4F7556}") = "Microservices.API", "Microservices.API\Microservices.API.csproj", "{862EF6A2-7C79-4FFF-A887-1855A7ECF563}"
EndProject
Project("{9A19103F-16F7-4668-BE54-9A1E7A4F7556}") = "OfferService", "OfferService\OfferService.csproj", "{A0CBE79C-A619-4189-A4AA-28067F0F2AFE}"
EndProject
Project("{9A19103F-16F7-4668-BE54-9A1E7A4F7556}") = "ClientService", "ClientService\ClientService.csproj", "{F79C0CC4-351F-43A8-98DE-4494B791B141}"
EndProject
Global
	GlobalSection(SolutionConfigurationPlatforms) = preSolution
		Debug|Any CPU = Debug|Any CPU
		Release|Any CPU = Release|Any CPU
	EndGlobalSection
	GlobalSection(ProjectConfigurationPlatforms) = postSolution
		{862EF6A2-7C79-4FFF-A887-1855A7ECF563}.Debug|Any CPU.ActiveCfg = Debug|Any CPU
		{862EF6A2-7C79-4FFF-A887-1855A7ECF563}.Debug|Any CPU.Build.0 = Debug|Any CPU
		{862EF6A2-7C79-4FFF-A887-1855A7ECF563}.Release|Any CPU.ActiveCfg = Release|Any CPU
		{862EF6A2-7C79-4FFF-A887-1855A7ECF563}.Release|Any CPU.Build.0 = Release|Any CPU
		{A0CBE79C-A619-4189-A4AA-28067F0F2AFE}.Debug|Any CPU.ActiveCfg = Debug|Any CPU
		{A0CBE79C-A619-4189-A4AA-28067F0F2AFE}.Debug|Any CPU.Build.0 = Debug|Any CPU
		{A0CBE79C-A619-4189-A4AA-28067F0F2AFE}.Release|Any CPU.ActiveCfg = Release|Any CPU
		{A0CBE79C-A619-4189-A4AA-28067F0F2AFE}.Release|Any CPU.Build.0 = Release|Any CPU
		{F79C0CC4-351F-43A8-98DE-4494B791B141}.Debug|Any CPU.ActiveCfg = Debug|Any CPU
		{F79C0CC4-351F-43A8-98DE-4494B791B141}.Debug|Any CPU.Build.0 = Debug|Any CPU
		{F79C0CC4-351F-43A8-98DE-4494B791B141}.Release|Any CPU.ActiveCfg = Release|Any CPU
		{F79C0CC4-351F-43A8-98DE-4494B791B141}.Release|Any CPU.Build.0 = Release|Any CPU
	EndGlobalSection
	GlobalSection(SolutionProperties) = preSolution
		HideSolutionNode = FALSE
	EndGlobalSection
	GlobalSection(ExtensibilityGlobals) = postSolution
		SolutionGuid = {3D5AB1D4-28D8-47A4-9BCA-F7610A95C9F6}
	EndGlobalSection
EndGlobal
